JobBase       : '/nfs/slac/g/ki/ki23/des/jderose/SkyFactory/aardvark/'
OutputBase    : '/nfs/slac/g/ki/ki23/des/jderose/BCC/Aardvark/'
ExecDir       : '/nfs/slac/g/ki/ki23/des/jderose/SkyFactory/exec'
SFConfigBase  : '/nfs/slac/g/ki/ki23/des/jderose/SkyFactory-config'
Repo          : 'None'
QOS           : 'iric'
Queue         : 'iric'
Email         : 'joe.derose13@gmail.com'
TimeLimitHours:  48
CoresPerNode  : 16
TasksPerNode  : 16
