JobBase       : '/home/jderose/projects/SkyFactory/aardvark'
OutputBase    : '/home/jderose/uscratch/BCC/Aardvark/'
ExecDir       : '/home/jderose/projects/SkyFactory/exec'
SFConfigBase  : '/home/jderose/projects/SkyFactory-config'
Repo          : 'None'
Email         : 'joe.derose13@gmail.com'
TimeLimitHours:  48
CoresPerNode  : 16
TasksPerNode  : 16
